
Microsoft Visual Studio Solution File, Format Version 12.00
# Visual Studio Version 16
VisualStudioVersion = 16.0.30717.126
MinimumVisualStudioVersion = 10.0.40219.1
Project("{8BC9CEB8-8B4A-11D0-8D11-00A0C91BC942}") = "P2019305059_2", "P2019305059_2\P2019305059_2.vcxproj", "{DA566D6D-CEB2-4798-98BC-993AB306BDAF}"
EndProject
Global
	GlobalSection(SolutionConfigurationPlatforms) = preSolution
		Debug|x64 = Debug|x64
		Debug|x86 = Debug|x86
		Release|x64 = Release|x64
		Release|x86 = Release|x86
	EndGlobalSection
	GlobalSection(ProjectConfigurationPlatforms) = postSolution
		{DA566D6D-CEB2-4798-98BC-993AB306BDAF}.Debug|x64.ActiveCfg = Debug|x64
		{DA566D6D-CEB2-4798-98BC-993AB306BDAF}.Debug|x64.Build.0 = Debug|x64
		{DA566D6D-CEB2-4798-98BC-993AB306BDAF}.Debug|x86.ActiveCfg = Debug|Win32
		{DA566D6D-CEB2-4798-98BC-993AB306BDAF}.Debug|x86.Build.0 = Debug|Win32
		{DA566D6D-CEB2-4798-98BC-993AB306BDAF}.Release|x64.ActiveCfg = Release|x64
		{DA566D6D-CEB2-4798-98BC-993AB306BDAF}.Release|x64.Build.0 = Release|x64
		{DA566D6D-CEB2-4798-98BC-993AB306BDAF}.Release|x86.ActiveCfg = Release|Win32
		{DA566D6D-CEB2-4798-98BC-993AB306BDAF}.Release|x86.Build.0 = Release|Win32
	EndGlobalSection
	GlobalSection(SolutionProperties) = preSolution
		HideSolutionNode = FALSE
	EndGlobalSection
	GlobalSection(ExtensibilityGlobals) = postSolution
		SolutionGuid = {EF3C1E81-61A7-4BB8-8E55-3A853D118642}
	EndGlobalSection
EndGlobal
