
Microsoft Visual Studio Solution File, Format Version 12.00
# Visual Studio Version 16
VisualStudioVersion = 16.0.31105.61
MinimumVisualStudioVersion = 10.0.40219.1
Project("{8BC9CEB8-8B4A-11D0-8D11-00A0C91BC942}") = "컴퓨터그래픽스", "컴퓨터그래픽스\컴퓨터그래픽스.vcxproj", "{E43797FA-2B2D-428B-BC66-60B827113047}"
EndProject
Global
	GlobalSection(SolutionConfigurationPlatforms) = preSolution
		Debug|x64 = Debug|x64
		Debug|x86 = Debug|x86
		Release|x64 = Release|x64
		Release|x86 = Release|x86
	EndGlobalSection
	GlobalSection(ProjectConfigurationPlatforms) = postSolution
		{E43797FA-2B2D-428B-BC66-60B827113047}.Debug|x64.ActiveCfg = Debug|x64
		{E43797FA-2B2D-428B-BC66-60B827113047}.Debug|x64.Build.0 = Debug|x64
		{E43797FA-2B2D-428B-BC66-60B827113047}.Debug|x86.ActiveCfg = Debug|Win32
		{E43797FA-2B2D-428B-BC66-60B827113047}.Debug|x86.Build.0 = Debug|Win32
		{E43797FA-2B2D-428B-BC66-60B827113047}.Release|x64.ActiveCfg = Release|x64
		{E43797FA-2B2D-428B-BC66-60B827113047}.Release|x64.Build.0 = Release|x64
		{E43797FA-2B2D-428B-BC66-60B827113047}.Release|x86.ActiveCfg = Release|Win32
		{E43797FA-2B2D-428B-BC66-60B827113047}.Release|x86.Build.0 = Release|Win32
	EndGlobalSection
	GlobalSection(SolutionProperties) = preSolution
		HideSolutionNode = FALSE
	EndGlobalSection
	GlobalSection(ExtensibilityGlobals) = postSolution
		SolutionGuid = {1EA4035A-DED9-4B2F-98EF-C35D92F2FA0A}
	EndGlobalSection
EndGlobal
