
Microsoft Visual Studio Solution File, Format Version 12.00
# Visual Studio Version 16
VisualStudioVersion = 16.0.30717.126
MinimumVisualStudioVersion = 10.0.40219.1
Project("{8BC9CEB8-8B4A-11D0-8D11-00A0C91BC942}") = "P2019305059_1", "P2019305059_1\P2019305059_1.vcxproj", "{EF2B77A5-14EF-4B62-98F0-C68119B9B926}"
EndProject
Global
	GlobalSection(SolutionConfigurationPlatforms) = preSolution
		Debug|x64 = Debug|x64
		Debug|x86 = Debug|x86
		Release|x64 = Release|x64
		Release|x86 = Release|x86
	EndGlobalSection
	GlobalSection(ProjectConfigurationPlatforms) = postSolution
		{EF2B77A5-14EF-4B62-98F0-C68119B9B926}.Debug|x64.ActiveCfg = Debug|x64
		{EF2B77A5-14EF-4B62-98F0-C68119B9B926}.Debug|x64.Build.0 = Debug|x64
		{EF2B77A5-14EF-4B62-98F0-C68119B9B926}.Debug|x86.ActiveCfg = Debug|Win32
		{EF2B77A5-14EF-4B62-98F0-C68119B9B926}.Debug|x86.Build.0 = Debug|Win32
		{EF2B77A5-14EF-4B62-98F0-C68119B9B926}.Release|x64.ActiveCfg = Release|x64
		{EF2B77A5-14EF-4B62-98F0-C68119B9B926}.Release|x64.Build.0 = Release|x64
		{EF2B77A5-14EF-4B62-98F0-C68119B9B926}.Release|x86.ActiveCfg = Release|Win32
		{EF2B77A5-14EF-4B62-98F0-C68119B9B926}.Release|x86.Build.0 = Release|Win32
	EndGlobalSection
	GlobalSection(SolutionProperties) = preSolution
		HideSolutionNode = FALSE
	EndGlobalSection
	GlobalSection(ExtensibilityGlobals) = postSolution
		SolutionGuid = {45B23257-DDCB-43C2-A0C1-70852790FB62}
	EndGlobalSection
EndGlobal
